<Solution>
  <Project Path="Nova.csproj" />
  <Project Path="Nova.Editor.csproj" />
  <Project Path="Nova.UIControls.csproj" />
  <Project Path="Assembly-CSharp.csproj" />
  <Project Path="MidiPlayer.Editor.csproj" />
  <Project Path="MidiPlayer.Demo.csproj" />
  <Project Path="MidiPlayer.Run.csproj" />
  <Project Path="Nova.UIControls.Editor.csproj" />
  <Project Path="Assembly-CSharp-Editor.csproj" />
</Solution>
